// !$*UTF8*$!
{
	archiveVersion = 1;
	classes = {
	};
	objectVersion = 46;
	objects = {

/* Begin PBXBuildFile section */
		9AD5507E199A549300E202D7 /* Deck.m in Sources */ = {isa = PBXBuildFile; fileRef = 9AD5507D199A549300E202D7 /* Deck.m */; };
		9AD55081199A5C9300E202D7 /* PlayingCardDeck.m in Sources */ = {isa = PBXBuildFile; fileRef = 9AD55080199A5C9300E202D7 /* PlayingCardDeck.m */; };
		9AEBB32C19A4F1C00085D738 /* CardMatchingGame.m in Sources */ = {isa = PBXBuildFile; fileRef = 9AEBB32B19A4F1C00085D738 /* CardMatchingGame.m */; };
		9AF3D0121999434B005B93E7 /* Foundation.framework in Frameworks */ = {isa = PBXBuildFile; fileRef = 9AF3D0111999434B005B93E7 /* Foundation.framework */; };
		9AF3D0141999434B005B93E7 /* CoreGraphics.framework in Frameworks */ = {isa = PBXBuildFile; fileRef = 9AF3D0131999434B005B93E7 /* CoreGraphics.framework */; };
		9AF3D0161999434B005B93E7 /* UIKit.framework in Frameworks */ = {isa = PBXBuildFile; fileRef = 9AF3D0151999434B005B93E7 /* UIKit.framework */; };
		9AF3D01C1999434B005B93E7 /* InfoPlist.strings in Resources */ = {isa = PBXBuildFile; fileRef = 9AF3D01A1999434B005B93E7 /* InfoPlist.strings */; };
		9AF3D01E1999434B005B93E7 /* main.m in Sources */ = {isa = PBXBuildFile; fileRef = 9AF3D01D1999434B005B93E7 /* main.m */; };
		9AF3D0221999434B005B93E7 /* CardGameAppDelegate.m in Sources */ = {isa = PBXBuildFile; fileRef = 9AF3D0211999434B005B93E7 /* CardGameAppDelegate.m */; };
		9AF3D0251999434B005B93E7 /* Main.storyboard in Resources */ = {isa = PBXBuildFile; fileRef = 9AF3D0231999434B005B93E7 /* Main.storyboard */; };
		9AF3D0281999434B005B93E7 /* CardGameViewController.m in Sources */ = {isa = PBXBuildFile; fileRef = 9AF3D0271999434B005B93E7 /* CardGameViewController.m */; };
		9AF3D02A1999434B005B93E7 /* Images.xcassets in Resources */ = {isa = PBXBuildFile; fileRef = 9AF3D0291999434B005B93E7 /* Images.xcassets */; };
		9AF3D0311999434B005B93E7 /* XCTest.framework in Frameworks */ = {isa = PBXBuildFile; fileRef = 9AF3D0301999434B005B93E7 /* XCTest.framework */; };
		9AF3D0321999434B005B93E7 /* Foundation.framework in Frameworks */ = {isa = PBXBuildFile; fileRef = 9AF3D0111999434B005B93E7 /* Foundation.framework */; };
		9AF3D0331999434B005B93E7 /* UIKit.framework in Frameworks */ = {isa = PBXBuildFile; fileRef = 9AF3D0151999434B005B93E7 /* UIKit.framework */; };
		9AF3D03B1999434B005B93E7 /* InfoPlist.strings in Resources */ = {isa = PBXBuildFile; fileRef = 9AF3D0391999434B005B93E7 /* InfoPlist.strings */; };
		9AF3D03D1999434B005B93E7 /* MatchismoTests.m in Sources */ = {isa = PBXBuildFile; fileRef = 9AF3D03C1999434B005B93E7 /* MatchismoTests.m */; };
		9AF3D04819994E66005B93E7 /* Card.m in Sources */ = {isa = PBXBuildFile; fileRef = 9AF3D04719994E66005B93E7 /* Card.m */; };
		9AF3D04C19994F0A005B93E7 /* PlayingCard.m in Sources */ = {isa = PBXBuildFile; fileRef = 9AF3D04B19994F0A005B93E7 /* PlayingCard.m */; };
/* End PBXBuildFile section */

/* Begin PBXContainerItemProxy section */
		9AF3D0341999434B005B93E7 /* PBXContainerItemProxy */ = {
			isa = PBXContainerItemProxy;
			containerPortal = 9AF3D0061999434B005B93E7 /* Project object */;
			proxyType = 1;
			remoteGlobalIDString = 9AF3D00D1999434B005B93E7;
			remoteInfo = Matchismo;
		};
/* End PBXContainerItemProxy section */

/* Begin PBXFileReference section */
		9AD5507C199A549300E202D7 /* Deck.h */ = {isa = PBXFileReference; fileEncoding = 4; lastKnownFileType = sourcecode.c.h; name = Deck.h; path = Model/Deck.h; sourceTree = "<group>"; };
		9AD5507D199A549300E202D7 /* Deck.m */ = {isa = PBXFileReference; fileEncoding = 4; lastKnownFileType = sourcecode.c.objc; name = Deck.m; path = Model/Deck.m; sourceTree = "<group>"; };
		9AD5507F199A5C9300E202D7 /* PlayingCardDeck.h */ = {isa = PBXFileReference; fileEncoding = 4; lastKnownFileType = sourcecode.c.h; name = PlayingCardDeck.h; path = Model/PlayingCardDeck.h; sourceTree = "<group>"; };
		9AD55080199A5C9300E202D7 /* PlayingCardDeck.m */ = {isa = PBXFileReference; fileEncoding = 4; lastKnownFileType = sourcecode.c.objc; name = PlayingCardDeck.m; path = Model/PlayingCardDeck.m; sourceTree = "<group>"; };
		9AEBB32A19A4F1C00085D738 /* CardMatchingGame.h */ = {isa = PBXFileReference; fileEncoding = 4; lastKnownFileType = sourcecode.c.h; path = CardMatchingGame.h; sourceTree = "<group>"; };
		9AEBB32B19A4F1C00085D738 /* CardMatchingGame.m */ = {isa = PBXFileReference; fileEncoding = 4; lastKnownFileType = sourcecode.c.objc; path = CardMatchingGame.m; sourceTree = "<group>"; };
		9AF3D00E1999434B005B93E7 /* Matchismo.app */ = {isa = PBXFileReference; explicitFileType = wrapper.application; includeInIndex = 0; path = Matchismo.app; sourceTree = BUILT_PRODUCTS_DIR; };
		9AF3D0111999434B005B93E7 /* Foundation.framework */ = {isa = PBXFileReference; lastKnownFileType = wrapper.framework; name = Foundation.framework; path = System/Library/Frameworks/Foundation.framework; sourceTree = SDKROOT; };
		9AF3D0131999434B005B93E7 /* CoreGraphics.framework */ = {isa = PBXFileReference; lastKnownFileType = wrapper.framework; name = CoreGraphics.framework; path = System/Library/Frameworks/CoreGraphics.framework; sourceTree = SDKROOT; };
		9AF3D0151999434B005B93E7 /* UIKit.framework */ = {isa = PBXFileReference; lastKnownFileType = wrapper.framework; name = UIKit.framework; path = System/Library/Frameworks/UIKit.framework; sourceTree = SDKROOT; };
		9AF3D0191999434B005B93E7 /* Matchismo-Info.plist */ = {isa = PBXFileReference; lastKnownFileType = text.plist.xml; path = "Matchismo-Info.plist"; sourceTree = "<group>"; };
		9AF3D01B1999434B005B93E7 /* en */ = {isa = PBXFileReference; lastKnownFileType = text.plist.strings; name = en; path = en.lproj/InfoPlist.strings; sourceTree = "<group>"; };
		9AF3D01D1999434B005B93E7 /* main.m */ = {isa = PBXFileReference; lastKnownFileType = sourcecode.c.objc; path = main.m; sourceTree = "<group>"; };
		9AF3D01F1999434B005B93E7 /* Matchismo-Prefix.pch */ = {isa = PBXFileReference; lastKnownFileType = sourcecode.c.h; path = "Matchismo-Prefix.pch"; sourceTree = "<group>"; };
		9AF3D0201999434B005B93E7 /* CardGameAppDelegate.h */ = {isa = PBXFileReference; lastKnownFileType = sourcecode.c.h; path = CardGameAppDelegate.h; sourceTree = "<group>"; };
		9AF3D0211999434B005B93E7 /* CardGameAppDelegate.m */ = {isa = PBXFileReference; lastKnownFileType = sourcecode.c.objc; path = CardGameAppDelegate.m; sourceTree = "<group>"; };
		9AF3D0241999434B005B93E7 /* Base */ = {isa = PBXFileReference; lastKnownFileType = file.storyboard; name = Base; path = Base.lproj/Main.storyboard; sourceTree = "<group>"; };
		9AF3D0261999434B005B93E7 /* CardGameViewController.h */ = {isa = PBXFileReference; lastKnownFileType = sourcecode.c.h; path = CardGameViewController.h; sourceTree = "<group>"; };
		9AF3D0271999434B005B93E7 /* CardGameViewController.m */ = {isa = PBXFileReference; lastKnownFileType = sourcecode.c.objc; path = CardGameViewController.m; sourceTree = "<group>"; };
		9AF3D0291999434B005B93E7 /* Images.xcassets */ = {isa = PBXFileReference; lastKnownFileType = folder.assetcatalog; path = Images.xcassets; sourceTree = "<group>"; };
		9AF3D02F1999434B005B93E7 /* MatchismoTests.xctest */ = {isa = PBXFileReference; explicitFileType = wrapper.cfbundle; includeInIndex = 0; path = MatchismoTests.xctest; sourceTree = BUILT_PRODUCTS_DIR; };
		9AF3D0301999434B005B93E7 /* XCTest.framework */ = {isa = PBXFileReference; lastKnownFileType = wrapper.framework; name = XCTest.framework; path = Library/Frameworks/XCTest.framework; sourceTree = DEVELOPER_DIR; };
		9AF3D0381999434B005B93E7 /* MatchismoTests-Info.plist */ = {isa = PBXFileReference; lastKnownFileType = text.plist.xml; path = "MatchismoTests-Info.plist"; sourceTree = "<group>"; };
		9AF3D03A1999434B005B93E7 /* en */ = {isa = PBXFileReference; lastKnownFileType = text.plist.strings; name = en; path = en.lproj/InfoPlist.strings; sourceTree = "<group>"; };
		9AF3D03C1999434B005B93E7 /* MatchismoTests.m */ = {isa = PBXFileReference; lastKnownFileType = sourcecode.c.objc; path = MatchismoTests.m; sourceTree = "<group>"; };
		9AF3D04619994E66005B93E7 /* Card.h */ = {isa = PBXFileReference; fileEncoding = 4; lastKnownFileType = sourcecode.c.h; name = Card.h; path = Model/Card.h; sourceTree = "<group>"; };
		9AF3D04719994E66005B93E7 /* Card.m */ = {isa = PBXFileReference; fileEncoding = 4; lastKnownFileType = sourcecode.c.objc; name = Card.m; path = Model/Card.m; sourceTree = "<group>"; };
		9AF3D04A19994F0A005B93E7 /* PlayingCard.h */ = {isa = PBXFileReference; fileEncoding = 4; lastKnownFileType = sourcecode.c.h; name = PlayingCard.h; path = Model/PlayingCard.h; sourceTree = "<group>"; };
		9AF3D04B19994F0A005B93E7 /* PlayingCard.m */ = {isa = PBXFileReference; fileEncoding = 4; lastKnownFileType = sourcecode.c.objc; name = PlayingCard.m; path = Model/PlayingCard.m; sourceTree = "<group>"; };
/* End PBXFileReference section */

/* Begin PBXFrameworksBuildPhase section */
		9AF3D00B1999434B005B93E7 /* Frameworks */ = {
			isa = PBXFrameworksBuildPhase;
			buildActionMask = 2147483647;
			files = (
				9AF3D0141999434B005B93E7 /* CoreGraphics.framework in Frameworks */,
				9AF3D0161999434B005B93E7 /* UIKit.framework in Frameworks */,
				9AF3D0121999434B005B93E7 /* Foundation.framework in Frameworks */,
			);
			runOnlyForDeploymentPostprocessing = 0;
		};
		9AF3D02C1999434B005B93E7 /* Frameworks */ = {
			isa = PBXFrameworksBuildPhase;
			buildActionMask = 2147483647;
			files = (
				9AF3D0311999434B005B93E7 /* XCTest.framework in Frameworks */,
				9AF3D0331999434B005B93E7 /* UIKit.framework in Frameworks */,
				9AF3D0321999434B005B93E7 /* Foundation.framework in Frameworks */,
			);
			runOnlyForDeploymentPostprocessing = 0;
		};
/* End PBXFrameworksBuildPhase section */

/* Begin PBXGroup section */
		9AF3D0051999434B005B93E7 = {
			isa = PBXGroup;
			children = (
				9AF3D0171999434B005B93E7 /* Matchismo */,
				9AF3D0361999434B005B93E7 /* MatchismoTests */,
				9AF3D0101999434B005B93E7 /* Frameworks */,
				9AF3D00F1999434B005B93E7 /* Products */,
			);
			sourceTree = "<group>";
		};
		9AF3D00F1999434B005B93E7 /* Products */ = {
			isa = PBXGroup;
			children = (
				9AF3D00E1999434B005B93E7 /* Matchismo.app */,
				9AF3D02F1999434B005B93E7 /* MatchismoTests.xctest */,
			);
			name = Products;
			sourceTree = "<group>";
		};
		9AF3D0101999434B005B93E7 /* Frameworks */ = {
			isa = PBXGroup;
			children = (
				9AF3D0111999434B005B93E7 /* Foundation.framework */,
				9AF3D0131999434B005B93E7 /* CoreGraphics.framework */,
				9AF3D0151999434B005B93E7 /* UIKit.framework */,
				9AF3D0301999434B005B93E7 /* XCTest.framework */,
			);
			name = Frameworks;
			sourceTree = "<group>";
		};
		9AF3D0171999434B005B93E7 /* Matchismo */ = {
			isa = PBXGroup;
			children = (
				9AF3D0201999434B005B93E7 /* CardGameAppDelegate.h */,
				9AF3D0211999434B005B93E7 /* CardGameAppDelegate.m */,
				9AF3D0231999434B005B93E7 /* Main.storyboard */,
				9AF3D04919994EBF005B93E7 /* Model */,
				9AF3D0261999434B005B93E7 /* CardGameViewController.h */,
				9AF3D0271999434B005B93E7 /* CardGameViewController.m */,
				9AF3D0291999434B005B93E7 /* Images.xcassets */,
				9AF3D0181999434B005B93E7 /* Supporting Files */,
			);
			path = Matchismo;
			sourceTree = "<group>";
		};
		9AF3D0181999434B005B93E7 /* Supporting Files */ = {
			isa = PBXGroup;
			children = (
				9AF3D0191999434B005B93E7 /* Matchismo-Info.plist */,
				9AF3D01A1999434B005B93E7 /* InfoPlist.strings */,
				9AF3D01D1999434B005B93E7 /* main.m */,
				9AF3D01F1999434B005B93E7 /* Matchismo-Prefix.pch */,
			);
			name = "Supporting Files";
			sourceTree = "<group>";
		};
		9AF3D0361999434B005B93E7 /* MatchismoTests */ = {
			isa = PBXGroup;
			children = (
				9AF3D03C1999434B005B93E7 /* MatchismoTests.m */,
				9AF3D0371999434B005B93E7 /* Supporting Files */,
			);
			path = MatchismoTests;
			sourceTree = "<group>";
		};
		9AF3D0371999434B005B93E7 /* Supporting Files */ = {
			isa = PBXGroup;
			children = (
				9AF3D0381999434B005B93E7 /* MatchismoTests-Info.plist */,
				9AF3D0391999434B005B93E7 /* InfoPlist.strings */,
			);
			name = "Supporting Files";
			sourceTree = "<group>";
		};
		9AF3D04919994EBF005B93E7 /* Model */ = {
			isa = PBXGroup;
			children = (
				9AEBB32A19A4F1C00085D738 /* CardMatchingGame.h */,
				9AEBB32B19A4F1C00085D738 /* CardMatchingGame.m */,
				9AF3D04619994E66005B93E7 /* Card.h */,
				9AD5507C199A549300E202D7 /* Deck.h */,
				9AD5507D199A549300E202D7 /* Deck.m */,
				9AF3D04719994E66005B93E7 /* Card.m */,
				9AF3D04A19994F0A005B93E7 /* PlayingCard.h */,
				9AD5507F199A5C9300E202D7 /* PlayingCardDeck.h */,
				9AD55080199A5C9300E202D7 /* PlayingCardDeck.m */,
				9AF3D04B19994F0A005B93E7 /* PlayingCard.m */,
			);
			name = Model;
			sourceTree = "<group>";
		};
/* End PBXGroup section */

/* Begin PBXNativeTarget section */
		9AF3D00D1999434B005B93E7 /* Matchismo */ = {
			isa = PBXNativeTarget;
			buildConfigurationList = 9AF3D0401999434B005B93E7 /* Build configuration list for PBXNativeTarget "Matchismo" */;
			buildPhases = (
				9AF3D00A1999434B005B93E7 /* Sources */,
				9AF3D00B1999434B005B93E7 /* Frameworks */,
				9AF3D00C1999434B005B93E7 /* Resources */,
			);
			buildRules = (
			);
			dependencies = (
			);
			name = Matchismo;
			productName = Matchismo;
			productReference = 9AF3D00E1999434B005B93E7 /* Matchismo.app */;
			productType = "com.apple.product-type.application";
		};
		9AF3D02E1999434B005B93E7 /* MatchismoTests */ = {
			isa = PBXNativeTarget;
			buildConfigurationList = 9AF3D0431999434B005B93E7 /* Build configuration list for PBXNativeTarget "MatchismoTests" */;
			buildPhases = (
				9AF3D02B1999434B005B93E7 /* Sources */,
				9AF3D02C1999434B005B93E7 /* Frameworks */,
				9AF3D02D1999434B005B93E7 /* Resources */,
			);
			buildRules = (
			);
			dependencies = (
				9AF3D0351999434B005B93E7 /* PBXTargetDependency */,
			);
			name = MatchismoTests;
			productName = MatchismoTests;
			productReference = 9AF3D02F1999434B005B93E7 /* MatchismoTests.xctest */;
			productType = "com.apple.product-type.bundle.unit-test";
		};
/* End PBXNativeTarget section */

/* Begin PBXProject section */
		9AF3D0061999434B005B93E7 /* Project object */ = {
			isa = PBXProject;
			attributes = {
				CLASSPREFIX = CardGame;
				LastUpgradeCheck = 0510;
				ORGANIZATIONNAME = "Zangardi, William (ELS-PHI)";
				TargetAttributes = {
					9AF3D02E1999434B005B93E7 = {
						TestTargetID = 9AF3D00D1999434B005B93E7;
					};
				};
			};
			buildConfigurationList = 9AF3D0091999434B005B93E7 /* Build configuration list for PBXProject "Matchismo" */;
			compatibilityVersion = "Xcode 3.2";
			developmentRegion = English;
			hasScannedForEncodings = 0;
			knownRegions = (
				en,
				Base,
			);
			mainGroup = 9AF3D0051999434B005B93E7;
			productRefGroup = 9AF3D00F1999434B005B93E7 /* Products */;
			projectDirPath = "";
			projectRoot = "";
			targets = (
				9AF3D00D1999434B005B93E7 /* Matchismo */,
				9AF3D02E1999434B005B93E7 /* MatchismoTests */,
			);
		};
/* End PBXProject section */

/* Begin PBXResourcesBuildPhase section */
		9AF3D00C1999434B005B93E7 /* Resources */ = {
			isa = PBXResourcesBuildPhase;
			buildActionMask = 2147483647;
			files = (
				9AF3D02A1999434B005B93E7 /* Images.xcassets in Resources */,
				9AF3D01C1999434B005B93E7 /* InfoPlist.strings in Resources */,
				9AF3D0251999434B005B93E7 /* Main.storyboard in Resources */,
			);
			runOnlyForDeploymentPostprocessing = 0;
		};
		9AF3D02D1999434B005B93E7 /* Resources */ = {
			isa = PBXResourcesBuildPhase;
			buildActionMask = 2147483647;
			files = (
				9AF3D03B1999434B005B93E7 /* InfoPlist.strings in Resources */,
			);
			runOnlyForDeploymentPostprocessing = 0;
		};
/* End PBXResourcesBuildPhase section */

/* Begin PBXSourcesBuildPhase section */
		9AF3D00A1999434B005B93E7 /* Sources */ = {
			isa = PBXSourcesBuildPhase;
			buildActionMask = 2147483647;
			files = (
				9AF3D0221999434B005B93E7 /* CardGameAppDelegate.m in Sources */,
				9AF3D0281999434B005B93E7 /* CardGameViewController.m in Sources */,
				9AF3D01E1999434B005B93E7 /* main.m in Sources */,
				9AF3D04C19994F0A005B93E7 /* PlayingCard.m in Sources */,
				9AEBB32C19A4F1C00085D738 /* CardMatchingGame.m in Sources */,
				9AD55081199A5C9300E202D7 /* PlayingCardDeck.m in Sources */,
				9AD5507E199A549300E202D7 /* Deck.m in Sources */,
				9AF3D04819994E66005B93E7 /* Card.m in Sources */,
			);
			runOnlyForDeploymentPostprocessing = 0;
		};
		9AF3D02B1999434B005B93E7 /* Sources */ = {
			isa = PBXSourcesBuildPhase;
			buildActionMask = 2147483647;
			files = (
				9AF3D03D1999434B005B93E7 /* MatchismoTests.m in Sources */,
			);
			runOnlyForDeploymentPostprocessing = 0;
		};
/* End PBXSourcesBuildPhase section */

/* Begin PBXTargetDependency section */
		9AF3D0351999434B005B93E7 /* PBXTargetDependency */ = {
			isa = PBXTargetDependency;
			target = 9AF3D00D1999434B005B93E7 /* Matchismo */;
			targetProxy = 9AF3D0341999434B005B93E7 /* PBXContainerItemProxy */;
		};
/* End PBXTargetDependency section */

/* Begin PBXVariantGroup section */
		9AF3D01A1999434B005B93E7 /* InfoPlist.strings */ = {
			isa = PBXVariantGroup;
			children = (
				9AF3D01B1999434B005B93E7 /* en */,
			);
			name = InfoPlist.strings;
			sourceTree = "<group>";
		};
		9AF3D0231999434B005B93E7 /* Main.storyboard */ = {
			isa = PBXVariantGroup;
			children = (
				9AF3D0241999434B005B93E7 /* Base */,
			);
			name = Main.storyboard;
			sourceTree = "<group>";
		};
		9AF3D0391999434B005B93E7 /* InfoPlist.strings */ = {
			isa = PBXVariantGroup;
			children = (
				9AF3D03A1999434B005B93E7 /* en */,
			);
			name = InfoPlist.strings;
			sourceTree = "<group>";
		};
/* End PBXVariantGroup section */

/* Begin XCBuildConfiguration section */
		9AF3D03E1999434B005B93E7 /* Debug */ = {
			isa = XCBuildConfiguration;
			buildSettings = {
				ALWAYS_SEARCH_USER_PATHS = NO;
				CLANG_CXX_LANGUAGE_STANDARD = "gnu++0x";
				CLANG_CXX_LIBRARY = "libc++";
				CLANG_ENABLE_MODULES = YES;
				CLANG_ENABLE_OBJC_ARC = YES;
				CLANG_WARN_BOOL_CONVERSION = YES;
				CLANG_WARN_CONSTANT_CONVERSION = YES;
				CLANG_WARN_DIRECT_OBJC_ISA_USAGE = YES_ERROR;
				CLANG_WARN_EMPTY_BODY = YES;
				CLANG_WARN_ENUM_CONVERSION = YES;
				CLANG_WARN_INT_CONVERSION = YES;
				CLANG_WARN_OBJC_ROOT_CLASS = YES_ERROR;
				CLANG_WARN__DUPLICATE_METHOD_MATCH = YES;
				"CODE_SIGN_IDENTITY[sdk=iphoneos*]" = "iPhone Developer";
				COPY_PHASE_STRIP = NO;
				GCC_C_LANGUAGE_STANDARD = gnu99;
				GCC_DYNAMIC_NO_PIC = NO;
				GCC_OPTIMIZATION_LEVEL = 0;
				GCC_PREPROCESSOR_DEFINITIONS = (
					"DEBUG=1",
					"$(inherited)",
				);
				GCC_SYMBOLS_PRIVATE_EXTERN = NO;
				GCC_WARN_64_TO_32_BIT_CONVERSION = YES;
				GCC_WARN_ABOUT_RETURN_TYPE = YES_ERROR;
				GCC_WARN_UNDECLARED_SELECTOR = YES;
				GCC_WARN_UNINITIALIZED_AUTOS = YES_AGGRESSIVE;
				GCC_WARN_UNUSED_FUNCTION = YES;
				GCC_WARN_UNUSED_VARIABLE = YES;
				IPHONEOS_DEPLOYMENT_TARGET = 7.1;
				ONLY_ACTIVE_ARCH = YES;
				SDKROOT = iphoneos;
			};
			name = Debug;
		};
		9AF3D03F1999434B005B93E7 /* Release */ = {
			isa = XCBuildConfiguration;
			buildSettings = {
				ALWAYS_SEARCH_USER_PATHS = NO;
				CLANG_CXX_LANGUAGE_STANDARD = "gnu++0x";
				CLANG_CXX_LIBRARY = "libc++";
				CLANG_ENABLE_MODULES = YES;
				CLANG_ENABLE_OBJC_ARC = YES;
				CLANG_WARN_BOOL_CONVERSION = YES;
				CLANG_WARN_CONSTANT_CONVERSION = YES;
				CLANG_WARN_DIRECT_OBJC_ISA_USAGE = YES_ERROR;
				CLANG_WARN_EMPTY_BODY = YES;
				CLANG_WARN_ENUM_CONVERSION = YES;
				CLANG_WARN_INT_CONVERSION = YES;
				CLANG_WARN_OBJC_ROOT_CLASS = YES_ERROR;
				CLANG_WARN__DUPLICATE_METHOD_MATCH = YES;
				"CODE_SIGN_IDENTITY[sdk=iphoneos*]" = "iPhone Developer";
				COPY_PHASE_STRIP = YES;
				ENABLE_NS_ASSERTIONS = NO;
				GCC_C_LANGUAGE_STANDARD = gnu99;
				GCC_WARN_64_TO_32_BIT_CONVERSION = YES;
				GCC_WARN_ABOUT_RETURN_TYPE = YES_ERROR;
				GCC_WARN_UNDECLARED_SELECTOR = YES;
				GCC_WARN_UNINITIALIZED_AUTOS = YES_AGGRESSIVE;
				GCC_WARN_UNUSED_FUNCTION = YES;
				GCC_WARN_UNUSED_VARIABLE = YES;
				IPHONEOS_DEPLOYMENT_TARGET = 7.1;
				SDKROOT = iphoneos;
				VALIDATE_PRODUCT = YES;
			};
			name = Release;
		};
		9AF3D0411999434B005B93E7 /* Debug */ = {
			isa = XCBuildConfiguration;
			buildSettings = {
				ASSETCATALOG_COMPILER_APPICON_NAME = AppIcon;
				ASSETCATALOG_COMPILER_LAUNCHIMAGE_NAME = LaunchImage;
				GCC_PRECOMPILE_PREFIX_HEADER = YES;
				GCC_PREFIX_HEADER = "Matchismo/Matchismo-Prefix.pch";
				INFOPLIST_FILE = "Matchismo/Matchismo-Info.plist";
				PRODUCT_NAME = "$(TARGET_NAME)";
				WRAPPER_EXTENSION = app;
			};
			name = Debug;
		};
		9AF3D0421999434B005B93E7 /* Release */ = {
			isa = XCBuildConfiguration;
			buildSettings = {
				ASSETCATALOG_COMPILER_APPICON_NAME = AppIcon;
				ASSETCATALOG_COMPILER_LAUNCHIMAGE_NAME = LaunchImage;
				GCC_PRECOMPILE_PREFIX_HEADER = YES;
				GCC_PREFIX_HEADER = "Matchismo/Matchismo-Prefix.pch";
				INFOPLIST_FILE = "Matchismo/Matchismo-Info.plist";
				PRODUCT_NAME = "$(TARGET_NAME)";
				WRAPPER_EXTENSION = app;
			};
			name = Release;
		};
		9AF3D0441999434B005B93E7 /* Debug */ = {
			isa = XCBuildConfiguration;
			buildSettings = {
				BUNDLE_LOADER = "$(BUILT_PRODUCTS_DIR)/Matchismo.app/Matchismo";
				FRAMEWORK_SEARCH_PATHS = (
					"$(SDKROOT)/Developer/Library/Frameworks",
					"$(inherited)",
					"$(DEVELOPER_FRAMEWORKS_DIR)",
				);
				GCC_PRECOMPILE_PREFIX_HEADER = YES;
				GCC_PREFIX_HEADER = "Matchismo/Matchismo-Prefix.pch";
				GCC_PREPROCESSOR_DEFINITIONS = (
					"DEBUG=1",
					"$(inherited)",
				);
				INFOPLIST_FILE = "MatchismoTests/MatchismoTests-Info.plist";
				PRODUCT_NAME = "$(TARGET_NAME)";
				TEST_HOST = "$(BUNDLE_LOADER)";
				WRAPPER_EXTENSION = xctest;
			};
			name = Debug;
		};
		9AF3D0451999434B005B93E7 /* Release */ = {
			isa = XCBuildConfiguration;
			buildSettings = {
				BUNDLE_LOADER = "$(BUILT_PRODUCTS_DIR)/Matchismo.app/Matchismo";
				FRAMEWORK_SEARCH_PATHS = (
					"$(SDKROOT)/Developer/Library/Frameworks",
					"$(inherited)",
					"$(DEVELOPER_FRAMEWORKS_DIR)",
				);
				GCC_PRECOMPILE_PREFIX_HEADER = YES;
				GCC_PREFIX_HEADER = "Matchismo/Matchismo-Prefix.pch";
				INFOPLIST_FILE = "MatchismoTests/MatchismoTests-Info.plist";
				PRODUCT_NAME = "$(TARGET_NAME)";
				TEST_HOST = "$(BUNDLE_LOADER)";
				WRAPPER_EXTENSION = xctest;
			};
			name = Release;
		};
/* End XCBuildConfiguration section */

/* Begin XCConfigurationList section */
		9AF3D0091999434B005B93E7 /* Build configuration list for PBXProject "Matchismo" */ = {
			isa = XCConfigurationList;
			buildConfigurations = (
				9AF3D03E1999434B005B93E7 /* Debug */,
				9AF3D03F1999434B005B93E7 /* Release */,
			);
			defaultConfigurationIsVisible = 0;
			defaultConfigurationName = Release;
		};
		9AF3D0401999434B005B93E7 /* Build configuration list for PBXNativeTarget "Matchismo" */ = {
			isa = XCConfigurationList;
			buildConfigurations = (
				9AF3D0411999434B005B93E7 /* Debug */,
				9AF3D0421999434B005B93E7 /* Release */,
			);
			defaultConfigurationIsVisible = 0;
			defaultConfigurationName = Release;
		};
		9AF3D0431999434B005B93E7 /* Build configuration list for PBXNativeTarget "MatchismoTests" */ = {
			isa = XCConfigurationList;
			buildConfigurations = (
				9AF3D0441999434B005B93E7 /* Debug */,
				9AF3D0451999434B005B93E7 /* Release */,
			);
			defaultConfigurationIsVisible = 0;
			defaultConfigurationName = Release;
		};
/* End XCConfigurationList section */
	};
	rootObject = 9AF3D0061999434B005B93E7 /* Project object */;
}
